// !$*UTF8*$!
{
	archiveVersion = 1;
	classes = {
	};
	objectVersion = 46;
	objects = {

/* Begin PBXBuildFile section */
		790A95661FD822EC00D59EA5 /* Const.swift in Sources */ = {isa = PBXBuildFile; fileRef = 790A95651FD822EC00D59EA5 /* Const.swift */; };
		790A95681FD8283D00D59EA5 /* Users.swift in Sources */ = {isa = PBXBuildFile; fileRef = 790A95671FD8283D00D59EA5 /* Users.swift */; };
		793D214D1FD5356700E77F59 /* GoogleService-Info.plist in Resources */ = {isa = PBXBuildFile; fileRef = 793D214C1FD5356700E77F59 /* GoogleService-Info.plist */; };
		7954FD401FE3E67D00ACFE0E /* TableViewCell.swift in Sources */ = {isa = PBXBuildFile; fileRef = 7954FD3E1FE3E67D00ACFE0E /* TableViewCell.swift */; };
		7954FD411FE3E67D00ACFE0E /* TableViewCell.xib in Resources */ = {isa = PBXBuildFile; fileRef = 7954FD3F1FE3E67D00ACFE0E /* TableViewCell.xib */; };
		795AEB491FE10DB900F67981 /* ProjectTaskController.swift in Sources */ = {isa = PBXBuildFile; fileRef = 795AEB481FE10DB900F67981 /* ProjectTaskController.swift */; };
		795AEB4B1FE14EEF00F67981 /* AddTaskController.swift in Sources */ = {isa = PBXBuildFile; fileRef = 795AEB4A1FE14EEF00F67981 /* AddTaskController.swift */; };
		795AEB4D1FE2602700F67981 /* IdValue.swift in Sources */ = {isa = PBXBuildFile; fileRef = 795AEB4C1FE2602700F67981 /* IdValue.swift */; };
		795AEB4F1FE26A0100F67981 /* ChargerController.swift in Sources */ = {isa = PBXBuildFile; fileRef = 795AEB4E1FE26A0100F67981 /* ChargerController.swift */; };
		797A872A1FED4FC300471477 /* DateLabel.swift in Sources */ = {isa = PBXBuildFile; fileRef = 797A87281FED4FC300471477 /* DateLabel.swift */; };
		797A872B1FED4FC300471477 /* DateLabel.xib in Resources */ = {isa = PBXBuildFile; fileRef = 797A87291FED4FC300471477 /* DateLabel.xib */; };
		797A872E1FED4FE200471477 /* ProgressCell.swift in Sources */ = {isa = PBXBuildFile; fileRef = 797A872C1FED4FE200471477 /* ProgressCell.swift */; };
		797A872F1FED4FE200471477 /* ProgressCell.xib in Resources */ = {isa = PBXBuildFile; fileRef = 797A872D1FED4FE200471477 /* ProgressCell.xib */; };
		7995C6071FD65FA100318A74 /* CreateProjectController.swift in Sources */ = {isa = PBXBuildFile; fileRef = 7995C6061FD65FA100318A74 /* CreateProjectController.swift */; };
		7995C6091FD6748000318A74 /* MemberController.swift in Sources */ = {isa = PBXBuildFile; fileRef = 7995C6081FD6748000318A74 /* MemberController.swift */; };
		7995C60B1FD68D4D00318A74 /* InviteMemberController.swift in Sources */ = {isa = PBXBuildFile; fileRef = 7995C60A1FD68D4D00318A74 /* InviteMemberController.swift */; };
		79A139171FE9305900EFC565 /* UIApplication.swift in Sources */ = {isa = PBXBuildFile; fileRef = 79A139161FE9305900EFC565 /* UIApplication.swift */; };
		79ADBA4A1FD53F120078DC23 /* LoginController.swift in Sources */ = {isa = PBXBuildFile; fileRef = 79ADBA491FD53F120078DC23 /* LoginController.swift */; };
		79ADBA4C1FD5418B0078DC23 /* list-simple-7.png in Resources */ = {isa = PBXBuildFile; fileRef = 79ADBA4B1FD5418B0078DC23 /* list-simple-7.png */; };
		79ADBA4E1FD541910078DC23 /* man-7.png in Resources */ = {isa = PBXBuildFile; fileRef = 79ADBA4D1FD541910078DC23 /* man-7.png */; };
		79ADBA501FD580F10078DC23 /* PersonalController.swift in Sources */ = {isa = PBXBuildFile; fileRef = 79ADBA4F1FD580F10078DC23 /* PersonalController.swift */; };
		79AF32261FEFC9E90019FD0B /* PopUp.swift in Sources */ = {isa = PBXBuildFile; fileRef = 79AF32241FEFC9E90019FD0B /* PopUp.swift */; };
		79AF32271FEFC9E90019FD0B /* PopUp.xib in Resources */ = {isa = PBXBuildFile; fileRef = 79AF32251FEFC9E90019FD0B /* PopUp.xib */; };
		79C7F96B1FD517DD00FD8A9B /* AppDelegate.swift in Sources */ = {isa = PBXBuildFile; fileRef = 79C7F96A1FD517DD00FD8A9B /* AppDelegate.swift */; };
		79C7F96D1FD517DD00FD8A9B /* ViewController.swift in Sources */ = {isa = PBXBuildFile; fileRef = 79C7F96C1FD517DD00FD8A9B /* ViewController.swift */; };
		79C7F9701FD517DD00FD8A9B /* Main.storyboard in Resources */ = {isa = PBXBuildFile; fileRef = 79C7F96E1FD517DD00FD8A9B /* Main.storyboard */; };
		79C7F9721FD517DD00FD8A9B /* Assets.xcassets in Resources */ = {isa = PBXBuildFile; fileRef = 79C7F9711FD517DD00FD8A9B /* Assets.xcassets */; };
		79C7F9751FD517DD00FD8A9B /* LaunchScreen.storyboard in Resources */ = {isa = PBXBuildFile; fileRef = 79C7F9731FD517DD00FD8A9B /* LaunchScreen.storyboard */; };
		79DA86C91FEB5AD80014EAC4 /* BidirectionalCollectionLayout.swift in Sources */ = {isa = PBXBuildFile; fileRef = 79DA86C81FEB5AD80014EAC4 /* BidirectionalCollectionLayout.swift */; };
		79E541FA1FD8DFD1000C3A35 /* IdBool.swift in Sources */ = {isa = PBXBuildFile; fileRef = 79E541F91FD8DFD1000C3A35 /* IdBool.swift */; };
		79E541FE1FD8F8D1000C3A35 /* Tasks.swift in Sources */ = {isa = PBXBuildFile; fileRef = 79E541FD1FD8F8D1000C3A35 /* Tasks.swift */; };
		79E542021FD922F8000C3A35 /* Projects.swift in Sources */ = {isa = PBXBuildFile; fileRef = 79E542011FD922F8000C3A35 /* Projects.swift */; };
		79E542041FDA6E34000C3A35 /* PersonalTaskController.swift in Sources */ = {isa = PBXBuildFile; fileRef = 79E542031FDA6E34000C3A35 /* PersonalTaskController.swift */; };
		79E7571020025830000D338E /* NotificationController.swift in Sources */ = {isa = PBXBuildFile; fileRef = 79E7570F20025830000D338E /* NotificationController.swift */; };
		7CFD3E491669D728562BA878 /* Pods_ProjectManager.framework in Frameworks */ = {isa = PBXBuildFile; fileRef = A0541DC9156187171A1256D0 /* Pods_ProjectManager.framework */; };
/* End PBXBuildFile section */

/* Begin PBXFileReference section */
		1D7E35B07401C2E70CED04E1 /* Pods-ProjectManager.release.xcconfig */ = {isa = PBXFileReference; includeInIndex = 1; lastKnownFileType = text.xcconfig; name = "Pods-ProjectManager.release.xcconfig"; path = "Pods/Target Support Files/Pods-ProjectManager/Pods-ProjectManager.release.xcconfig"; sourceTree = "<group>"; };
		3EA02362661F29F540C9BC4D /* Pods-ProjectManager.debug.xcconfig */ = {isa = PBXFileReference; includeInIndex = 1; lastKnownFileType = text.xcconfig; name = "Pods-ProjectManager.debug.xcconfig"; path = "Pods/Target Support Files/Pods-ProjectManager/Pods-ProjectManager.debug.xcconfig"; sourceTree = "<group>"; };
		790A95651FD822EC00D59EA5 /* Const.swift */ = {isa = PBXFileReference; fileEncoding = 4; lastKnownFileType = sourcecode.swift; path = Const.swift; sourceTree = "<group>"; };
		790A95671FD8283D00D59EA5 /* Users.swift */ = {isa = PBXFileReference; fileEncoding = 4; lastKnownFileType = sourcecode.swift; path = Users.swift; sourceTree = "<group>"; };
		793D214C1FD5356700E77F59 /* GoogleService-Info.plist */ = {isa = PBXFileReference; fileEncoding = 4; lastKnownFileType = text.plist.xml; name = "GoogleService-Info.plist"; path = "../../../Downloads/GoogleService-Info.plist"; sourceTree = "<group>"; };
		7954FD3E1FE3E67D00ACFE0E /* TableViewCell.swift */ = {isa = PBXFileReference; fileEncoding = 4; lastKnownFileType = sourcecode.swift; path = TableViewCell.swift; sourceTree = "<group>"; };
		7954FD3F1FE3E67D00ACFE0E /* TableViewCell.xib */ = {isa = PBXFileReference; fileEncoding = 4; lastKnownFileType = file.xib; path = TableViewCell.xib; sourceTree = "<group>"; };
		795AEB481FE10DB900F67981 /* ProjectTaskController.swift */ = {isa = PBXFileReference; fileEncoding = 4; lastKnownFileType = sourcecode.swift; path = ProjectTaskController.swift; sourceTree = "<group>"; };
		795AEB4A1FE14EEF00F67981 /* AddTaskController.swift */ = {isa = PBXFileReference; fileEncoding = 4; lastKnownFileType = sourcecode.swift; path = AddTaskController.swift; sourceTree = "<group>"; };
		795AEB4C1FE2602700F67981 /* IdValue.swift */ = {isa = PBXFileReference; fileEncoding = 4; lastKnownFileType = sourcecode.swift; path = IdValue.swift; sourceTree = "<group>"; };
		795AEB4E1FE26A0100F67981 /* ChargerController.swift */ = {isa = PBXFileReference; fileEncoding = 4; lastKnownFileType = sourcecode.swift; path = ChargerController.swift; sourceTree = "<group>"; };
		797A87281FED4FC300471477 /* DateLabel.swift */ = {isa = PBXFileReference; fileEncoding = 4; lastKnownFileType = sourcecode.swift; path = DateLabel.swift; sourceTree = "<group>"; };
		797A87291FED4FC300471477 /* DateLabel.xib */ = {isa = PBXFileReference; fileEncoding = 4; lastKnownFileType = file.xib; path = DateLabel.xib; sourceTree = "<group>"; };
		797A872C1FED4FE200471477 /* ProgressCell.swift */ = {isa = PBXFileReference; fileEncoding = 4; lastKnownFileType = sourcecode.swift; path = ProgressCell.swift; sourceTree = "<group>"; };
		797A872D1FED4FE200471477 /* ProgressCell.xib */ = {isa = PBXFileReference; fileEncoding = 4; lastKnownFileType = file.xib; path = ProgressCell.xib; sourceTree = "<group>"; };
		7995C6061FD65FA100318A74 /* CreateProjectController.swift */ = {isa = PBXFileReference; fileEncoding = 4; lastKnownFileType = sourcecode.swift; path = CreateProjectController.swift; sourceTree = "<group>"; };
		7995C6081FD6748000318A74 /* MemberController.swift */ = {isa = PBXFileReference; fileEncoding = 4; lastKnownFileType = sourcecode.swift; path = MemberController.swift; sourceTree = "<group>"; };
		7995C60A1FD68D4D00318A74 /* InviteMemberController.swift */ = {isa = PBXFileReference; fileEncoding = 4; lastKnownFileType = sourcecode.swift; path = InviteMemberController.swift; sourceTree = "<group>"; };
		79A139161FE9305900EFC565 /* UIApplication.swift */ = {isa = PBXFileReference; fileEncoding = 4; lastKnownFileType = sourcecode.swift; path = UIApplication.swift; sourceTree = "<group>"; };
		79ADBA491FD53F120078DC23 /* LoginController.swift */ = {isa = PBXFileReference; fileEncoding = 4; lastKnownFileType = sourcecode.swift; path = LoginController.swift; sourceTree = "<group>"; };
		79ADBA4B1FD5418B0078DC23 /* list-simple-7.png */ = {isa = PBXFileReference; lastKnownFileType = image.png; path = "list-simple-7.png"; sourceTree = "<group>"; };
		79ADBA4D1FD541910078DC23 /* man-7.png */ = {isa = PBXFileReference; lastKnownFileType = image.png; path = "man-7.png"; sourceTree = "<group>"; };
		79ADBA4F1FD580F10078DC23 /* PersonalController.swift */ = {isa = PBXFileReference; fileEncoding = 4; lastKnownFileType = sourcecode.swift; path = PersonalController.swift; sourceTree = "<group>"; };
		79AF32241FEFC9E90019FD0B /* PopUp.swift */ = {isa = PBXFileReference; fileEncoding = 4; lastKnownFileType = sourcecode.swift; path = PopUp.swift; sourceTree = "<group>"; };
		79AF32251FEFC9E90019FD0B /* PopUp.xib */ = {isa = PBXFileReference; fileEncoding = 4; lastKnownFileType = file.xib; path = PopUp.xib; sourceTree = "<group>"; };
		79C7F9671FD517DD00FD8A9B /* ProjectManager.app */ = {isa = PBXFileReference; explicitFileType = wrapper.application; includeInIndex = 0; path = ProjectManager.app; sourceTree = BUILT_PRODUCTS_DIR; };
		79C7F96A1FD517DD00FD8A9B /* AppDelegate.swift */ = {isa = PBXFileReference; lastKnownFileType = sourcecode.swift; path = AppDelegate.swift; sourceTree = "<group>"; };
		79C7F96C1FD517DD00FD8A9B /* ViewController.swift */ = {isa = PBXFileReference; lastKnownFileType = sourcecode.swift; path = ViewController.swift; sourceTree = "<group>"; };
		79C7F96F1FD517DD00FD8A9B /* Base */ = {isa = PBXFileReference; lastKnownFileType = file.storyboard; name = Base; path = Base.lproj/Main.storyboard; sourceTree = "<group>"; };
		79C7F9711FD517DD00FD8A9B /* Assets.xcassets */ = {isa = PBXFileReference; lastKnownFileType = folder.assetcatalog; path = Assets.xcassets; sourceTree = "<group>"; };
		79C7F9741FD517DD00FD8A9B /* Base */ = {isa = PBXFileReference; lastKnownFileType = file.storyboard; name = Base; path = Base.lproj/LaunchScreen.storyboard; sourceTree = "<group>"; };
		79C7F9761FD517DD00FD8A9B /* Info.plist */ = {isa = PBXFileReference; lastKnownFileType = text.plist.xml; path = Info.plist; sourceTree = "<group>"; };
		79DA86C81FEB5AD80014EAC4 /* BidirectionalCollectionLayout.swift */ = {isa = PBXFileReference; fileEncoding = 4; lastKnownFileType = sourcecode.swift; path = BidirectionalCollectionLayout.swift; sourceTree = "<group>"; };
		79E541F91FD8DFD1000C3A35 /* IdBool.swift */ = {isa = PBXFileReference; fileEncoding = 4; lastKnownFileType = sourcecode.swift; path = IdBool.swift; sourceTree = "<group>"; };
		79E541FD1FD8F8D1000C3A35 /* Tasks.swift */ = {isa = PBXFileReference; fileEncoding = 4; lastKnownFileType = sourcecode.swift; path = Tasks.swift; sourceTree = "<group>"; };
		79E542011FD922F8000C3A35 /* Projects.swift */ = {isa = PBXFileReference; fileEncoding = 4; lastKnownFileType = sourcecode.swift; path = Projects.swift; sourceTree = "<group>"; };
		79E542031FDA6E34000C3A35 /* PersonalTaskController.swift */ = {isa = PBXFileReference; fileEncoding = 4; lastKnownFileType = sourcecode.swift; path = PersonalTaskController.swift; sourceTree = "<group>"; };
		79E7570F20025830000D338E /* NotificationController.swift */ = {isa = PBXFileReference; fileEncoding = 4; lastKnownFileType = sourcecode.swift; path = NotificationController.swift; sourceTree = "<group>"; };
		A0541DC9156187171A1256D0 /* Pods_ProjectManager.framework */ = {isa = PBXFileReference; explicitFileType = wrapper.framework; includeInIndex = 0; path = Pods_ProjectManager.framework; sourceTree = BUILT_PRODUCTS_DIR; };
/* End PBXFileReference section */

/* Begin PBXFrameworksBuildPhase section */
		79C7F9641FD517DD00FD8A9B /* Frameworks */ = {
			isa = PBXFrameworksBuildPhase;
			buildActionMask = 2147483647;
			files = (
				7CFD3E491669D728562BA878 /* Pods_ProjectManager.framework in Frameworks */,
			);
			runOnlyForDeploymentPostprocessing = 0;
		};
/* End PBXFrameworksBuildPhase section */

/* Begin PBXGroup section */
		79C7F95E1FD517DD00FD8A9B = {
			isa = PBXGroup;
			children = (
				79C7F9691FD517DD00FD8A9B /* ProjectManager */,
				79C7F9681FD517DD00FD8A9B /* Products */,
				E82AE444BE3340B34D39FD09 /* Pods */,
				C6CC2F303722B5D2030A6A8D /* Frameworks */,
			);
			sourceTree = "<group>";
		};
		79C7F9681FD517DD00FD8A9B /* Products */ = {
			isa = PBXGroup;
			children = (
				79C7F9671FD517DD00FD8A9B /* ProjectManager.app */,
			);
			name = Products;
			sourceTree = "<group>";
		};
		79C7F9691FD517DD00FD8A9B /* ProjectManager */ = {
			isa = PBXGroup;
			children = (
				79ADBA4D1FD541910078DC23 /* man-7.png */,
				79ADBA4B1FD5418B0078DC23 /* list-simple-7.png */,
				79C7F96A1FD517DD00FD8A9B /* AppDelegate.swift */,
				79C7F96C1FD517DD00FD8A9B /* ViewController.swift */,
				79C7F96E1FD517DD00FD8A9B /* Main.storyboard */,
				79E7570F20025830000D338E /* NotificationController.swift */,
				79DA86C81FEB5AD80014EAC4 /* BidirectionalCollectionLayout.swift */,
				7954FD3E1FE3E67D00ACFE0E /* TableViewCell.swift */,
				7954FD3F1FE3E67D00ACFE0E /* TableViewCell.xib */,
				795AEB4E1FE26A0100F67981 /* ChargerController.swift */,
				79A139161FE9305900EFC565 /* UIApplication.swift */,
				795AEB4A1FE14EEF00F67981 /* AddTaskController.swift */,
				795AEB481FE10DB900F67981 /* ProjectTaskController.swift */,
				79AF32241FEFC9E90019FD0B /* PopUp.swift */,
				79AF32251FEFC9E90019FD0B /* PopUp.xib */,
				797A87281FED4FC300471477 /* DateLabel.swift */,
				797A87291FED4FC300471477 /* DateLabel.xib */,
				797A872C1FED4FE200471477 /* ProgressCell.swift */,
				797A872D1FED4FE200471477 /* ProgressCell.xib */,
				79E542031FDA6E34000C3A35 /* PersonalTaskController.swift */,
				790A95671FD8283D00D59EA5 /* Users.swift */,
				79E541F91FD8DFD1000C3A35 /* IdBool.swift */,
				795AEB4C1FE2602700F67981 /* IdValue.swift */,
				79E541FD1FD8F8D1000C3A35 /* Tasks.swift */,
				790A95651FD822EC00D59EA5 /* Const.swift */,
				7995C60A1FD68D4D00318A74 /* InviteMemberController.swift */,
				7995C6081FD6748000318A74 /* MemberController.swift */,
				7995C6061FD65FA100318A74 /* CreateProjectController.swift */,
				79E542011FD922F8000C3A35 /* Projects.swift */,
				79ADBA4F1FD580F10078DC23 /* PersonalController.swift */,
				79ADBA491FD53F120078DC23 /* LoginController.swift */,
				79C7F9711FD517DD00FD8A9B /* Assets.xcassets */,
				79C7F9731FD517DD00FD8A9B /* LaunchScreen.storyboard */,
				79C7F9761FD517DD00FD8A9B /* Info.plist */,
				793D214C1FD5356700E77F59 /* GoogleService-Info.plist */,
			);
			path = ProjectManager;
			sourceTree = "<group>";
		};
		C6CC2F303722B5D2030A6A8D /* Frameworks */ = {
			isa = PBXGroup;
			children = (
				A0541DC9156187171A1256D0 /* Pods_ProjectManager.framework */,
			);
			name = Frameworks;
			sourceTree = "<group>";
		};
		E82AE444BE3340B34D39FD09 /* Pods */ = {
			isa = PBXGroup;
			children = (
				3EA02362661F29F540C9BC4D /* Pods-ProjectManager.debug.xcconfig */,
				1D7E35B07401C2E70CED04E1 /* Pods-ProjectManager.release.xcconfig */,
			);
			name = Pods;
			sourceTree = "<group>";
		};
/* End PBXGroup section */

/* Begin PBXNativeTarget section */
		79C7F9661FD517DD00FD8A9B /* ProjectManager */ = {
			isa = PBXNativeTarget;
			buildConfigurationList = 79C7F9791FD517DD00FD8A9B /* Build configuration list for PBXNativeTarget "ProjectManager" */;
			buildPhases = (
				CA8578A6B295980010BF003A /* [CP] Check Pods Manifest.lock */,
				79C7F9631FD517DD00FD8A9B /* Sources */,
				79C7F9641FD517DD00FD8A9B /* Frameworks */,
				79C7F9651FD517DD00FD8A9B /* Resources */,
				111FB584DF919D8DC96F3764 /* [CP] Embed Pods Frameworks */,
				EBEDB96D46646312C503C98C /* [CP] Copy Pods Resources */,
			);
			buildRules = (
			);
			dependencies = (
			);
			name = ProjectManager;
			productName = ProjectManager;
			productReference = 79C7F9671FD517DD00FD8A9B /* ProjectManager.app */;
			productType = "com.apple.product-type.application";
		};
/* End PBXNativeTarget section */

/* Begin PBXProject section */
		79C7F95F1FD517DD00FD8A9B /* Project object */ = {
			isa = PBXProject;
			attributes = {
				LastSwiftUpdateCheck = 0830;
				LastUpgradeCheck = 0830;
				ORGANIZATIONNAME = "長谷川勇斗";
				TargetAttributes = {
					79C7F9661FD517DD00FD8A9B = {
						CreatedOnToolsVersion = 8.3.3;
						DevelopmentTeam = 83ZWPRU665;
						ProvisioningStyle = Automatic;
					};
				};
			};
			buildConfigurationList = 79C7F9621FD517DD00FD8A9B /* Build configuration list for PBXProject "ProjectManager" */;
			compatibilityVersion = "Xcode 3.2";
			developmentRegion = English;
			hasScannedForEncodings = 0;
			knownRegions = (
				en,
				Base,
			);
			mainGroup = 79C7F95E1FD517DD00FD8A9B;
			productRefGroup = 79C7F9681FD517DD00FD8A9B /* Products */;
			projectDirPath = "";
			projectRoot = "";
			targets = (
				79C7F9661FD517DD00FD8A9B /* ProjectManager */,
			);
		};
/* End PBXProject section */

/* Begin PBXResourcesBuildPhase section */
		79C7F9651FD517DD00FD8A9B /* Resources */ = {
			isa = PBXResourcesBuildPhase;
			buildActionMask = 2147483647;
			files = (
				79ADBA4E1FD541910078DC23 /* man-7.png in Resources */,
				79C7F9751FD517DD00FD8A9B /* LaunchScreen.storyboard in Resources */,
				7954FD411FE3E67D00ACFE0E /* TableViewCell.xib in Resources */,
				793D214D1FD5356700E77F59 /* GoogleService-Info.plist in Resources */,
				797A872B1FED4FC300471477 /* DateLabel.xib in Resources */,
				79C7F9721FD517DD00FD8A9B /* Assets.xcassets in Resources */,
				79ADBA4C1FD5418B0078DC23 /* list-simple-7.png in Resources */,
				79C7F9701FD517DD00FD8A9B /* Main.storyboard in Resources */,
				79AF32271FEFC9E90019FD0B /* PopUp.xib in Resources */,
				797A872F1FED4FE200471477 /* ProgressCell.xib in Resources */,
			);
			runOnlyForDeploymentPostprocessing = 0;
		};
/* End PBXResourcesBuildPhase section */

/* Begin PBXShellScriptBuildPhase section */
		111FB584DF919D8DC96F3764 /* [CP] Embed Pods Frameworks */ = {
			isa = PBXShellScriptBuildPhase;
			buildActionMask = 2147483647;
			files = (
			);
			inputPaths = (
			);
			name = "[CP] Embed Pods Frameworks";
			outputPaths = (
			);
			runOnlyForDeploymentPostprocessing = 0;
			shellPath = /bin/sh;
			shellScript = "\"${SRCROOT}/Pods/Target Support Files/Pods-ProjectManager/Pods-ProjectManager-frameworks.sh\"\n";
			showEnvVarsInLog = 0;
		};
		CA8578A6B295980010BF003A /* [CP] Check Pods Manifest.lock */ = {
			isa = PBXShellScriptBuildPhase;
			buildActionMask = 2147483647;
			files = (
			);
			inputPaths = (
			);
			name = "[CP] Check Pods Manifest.lock";
			outputPaths = (
			);
			runOnlyForDeploymentPostprocessing = 0;
			shellPath = /bin/sh;
			shellScript = "diff \"${PODS_ROOT}/../Podfile.lock\" \"${PODS_ROOT}/Manifest.lock\" > /dev/null\nif [ $? != 0 ] ; then\n    # print error to STDERR\n    echo \"error: The sandbox is not in sync with the Podfile.lock. Run 'pod install' or update your CocoaPods installation.\" >&2\n    exit 1\nfi\n";
			showEnvVarsInLog = 0;
		};
		EBEDB96D46646312C503C98C /* [CP] Copy Pods Resources */ = {
			isa = PBXShellScriptBuildPhase;
			buildActionMask = 2147483647;
			files = (
			);
			inputPaths = (
			);
			name = "[CP] Copy Pods Resources";
			outputPaths = (
			);
			runOnlyForDeploymentPostprocessing = 0;
			shellPath = /bin/sh;
			shellScript = "\"${SRCROOT}/Pods/Target Support Files/Pods-ProjectManager/Pods-ProjectManager-resources.sh\"\n";
			showEnvVarsInLog = 0;
		};
/* End PBXShellScriptBuildPhase section */

/* Begin PBXSourcesBuildPhase section */
		79C7F9631FD517DD00FD8A9B /* Sources */ = {
			isa = PBXSourcesBuildPhase;
			buildActionMask = 2147483647;
			files = (
				797A872A1FED4FC300471477 /* DateLabel.swift in Sources */,
				79AF32261FEFC9E90019FD0B /* PopUp.swift in Sources */,
				79E541FE1FD8F8D1000C3A35 /* Tasks.swift in Sources */,
				795AEB4B1FE14EEF00F67981 /* AddTaskController.swift in Sources */,
				79C7F96D1FD517DD00FD8A9B /* ViewController.swift in Sources */,
				79E542021FD922F8000C3A35 /* Projects.swift in Sources */,
				7954FD401FE3E67D00ACFE0E /* TableViewCell.swift in Sources */,
				795AEB491FE10DB900F67981 /* ProjectTaskController.swift in Sources */,
				7995C6091FD6748000318A74 /* MemberController.swift in Sources */,
				7995C60B1FD68D4D00318A74 /* InviteMemberController.swift in Sources */,
				79A139171FE9305900EFC565 /* UIApplication.swift in Sources */,
				797A872E1FED4FE200471477 /* ProgressCell.swift in Sources */,
				79E541FA1FD8DFD1000C3A35 /* IdBool.swift in Sources */,
				795AEB4F1FE26A0100F67981 /* ChargerController.swift in Sources */,
				790A95661FD822EC00D59EA5 /* Const.swift in Sources */,
				79E542041FDA6E34000C3A35 /* PersonalTaskController.swift in Sources */,
				79DA86C91FEB5AD80014EAC4 /* BidirectionalCollectionLayout.swift in Sources */,
				79ADBA4A1FD53F120078DC23 /* LoginController.swift in Sources */,
				79E7571020025830000D338E /* NotificationController.swift in Sources */,
				79ADBA501FD580F10078DC23 /* PersonalController.swift in Sources */,
				795AEB4D1FE2602700F67981 /* IdValue.swift in Sources */,
				79C7F96B1FD517DD00FD8A9B /* AppDelegate.swift in Sources */,
				7995C6071FD65FA100318A74 /* CreateProjectController.swift in Sources */,
				790A95681FD8283D00D59EA5 /* Users.swift in Sources */,
			);
			runOnlyForDeploymentPostprocessing = 0;
		};
/* End PBXSourcesBuildPhase section */

/* Begin PBXVariantGroup section */
		79C7F96E1FD517DD00FD8A9B /* Main.storyboard */ = {
			isa = PBXVariantGroup;
			children = (
				79C7F96F1FD517DD00FD8A9B /* Base */,
			);
			name = Main.storyboard;
			sourceTree = "<group>";
		};
		79C7F9731FD517DD00FD8A9B /* LaunchScreen.storyboard */ = {
			isa = PBXVariantGroup;
			children = (
				79C7F9741FD517DD00FD8A9B /* Base */,
			);
			name = LaunchScreen.storyboard;
			sourceTree = "<group>";
		};
/* End PBXVariantGroup section */

/* Begin XCBuildConfiguration section */
		79C7F9771FD517DD00FD8A9B /* Debug */ = {
			isa = XCBuildConfiguration;
			buildSettings = {
				ALWAYS_SEARCH_USER_PATHS = NO;
				CLANG_ANALYZER_NONNULL = YES;
				CLANG_ANALYZER_NUMBER_OBJECT_CONVERSION = YES_AGGRESSIVE;
				CLANG_CXX_LANGUAGE_STANDARD = "gnu++0x";
				CLANG_CXX_LIBRARY = "libc++";
				CLANG_ENABLE_MODULES = YES;
				CLANG_ENABLE_OBJC_ARC = YES;
				CLANG_WARN_BOOL_CONVERSION = YES;
				CLANG_WARN_CONSTANT_CONVERSION = YES;
				CLANG_WARN_DIRECT_OBJC_ISA_USAGE = YES_ERROR;
				CLANG_WARN_DOCUMENTATION_COMMENTS = YES;
				CLANG_WARN_EMPTY_BODY = YES;
				CLANG_WARN_ENUM_CONVERSION = YES;
				CLANG_WARN_INFINITE_RECURSION = YES;
				CLANG_WARN_INT_CONVERSION = YES;
				CLANG_WARN_OBJC_ROOT_CLASS = YES_ERROR;
				CLANG_WARN_SUSPICIOUS_MOVE = YES;
				CLANG_WARN_UNREACHABLE_CODE = YES;
				CLANG_WARN__DUPLICATE_METHOD_MATCH = YES;
				"CODE_SIGN_IDENTITY[sdk=iphoneos*]" = "iPhone Developer";
				COPY_PHASE_STRIP = NO;
				DEBUG_INFORMATION_FORMAT = dwarf;
				ENABLE_STRICT_OBJC_MSGSEND = YES;
				ENABLE_TESTABILITY = YES;
				GCC_C_LANGUAGE_STANDARD = gnu99;
				GCC_DYNAMIC_NO_PIC = NO;
				GCC_NO_COMMON_BLOCKS = YES;
				GCC_OPTIMIZATION_LEVEL = 0;
				GCC_PREPROCESSOR_DEFINITIONS = (
					"DEBUG=1",
					"$(inherited)",
				);
				GCC_WARN_64_TO_32_BIT_CONVERSION = YES;
				GCC_WARN_ABOUT_RETURN_TYPE = YES_ERROR;
				GCC_WARN_UNDECLARED_SELECTOR = YES;
				GCC_WARN_UNINITIALIZED_AUTOS = YES_AGGRESSIVE;
				GCC_WARN_UNUSED_FUNCTION = YES;
				GCC_WARN_UNUSED_VARIABLE = YES;
				IPHONEOS_DEPLOYMENT_TARGET = 10.3;
				MTL_ENABLE_DEBUG_INFO = YES;
				ONLY_ACTIVE_ARCH = YES;
				SDKROOT = iphoneos;
				SWIFT_ACTIVE_COMPILATION_CONDITIONS = DEBUG;
				SWIFT_OPTIMIZATION_LEVEL = "-Onone";
			};
			name = Debug;
		};
		79C7F9781FD517DD00FD8A9B /* Release */ = {
			isa = XCBuildConfiguration;
			buildSettings = {
				ALWAYS_SEARCH_USER_PATHS = NO;
				CLANG_ANALYZER_NONNULL = YES;
				CLANG_ANALYZER_NUMBER_OBJECT_CONVERSION = YES_AGGRESSIVE;
				CLANG_CXX_LANGUAGE_STANDARD = "gnu++0x";
				CLANG_CXX_LIBRARY = "libc++";
				CLANG_ENABLE_MODULES = YES;
				CLANG_ENABLE_OBJC_ARC = YES;
				CLANG_WARN_BOOL_CONVERSION = YES;
				CLANG_WARN_CONSTANT_CONVERSION = YES;
				CLANG_WARN_DIRECT_OBJC_ISA_USAGE = YES_ERROR;
				CLANG_WARN_DOCUMENTATION_COMMENTS = YES;
				CLANG_WARN_EMPTY_BODY = YES;
				CLANG_WARN_ENUM_CONVERSION = YES;
				CLANG_WARN_INFINITE_RECURSION = YES;
				CLANG_WARN_INT_CONVERSION = YES;
				CLANG_WARN_OBJC_ROOT_CLASS = YES_ERROR;
				CLANG_WARN_SUSPICIOUS_MOVE = YES;
				CLANG_WARN_UNREACHABLE_CODE = YES;
				CLANG_WARN__DUPLICATE_METHOD_MATCH = YES;
				"CODE_SIGN_IDENTITY[sdk=iphoneos*]" = "iPhone Developer";
				COPY_PHASE_STRIP = NO;
				DEBUG_INFORMATION_FORMAT = "dwarf-with-dsym";
				ENABLE_NS_ASSERTIONS = NO;
				ENABLE_STRICT_OBJC_MSGSEND = YES;
				GCC_C_LANGUAGE_STANDARD = gnu99;
				GCC_NO_COMMON_BLOCKS = YES;
				GCC_WARN_64_TO_32_BIT_CONVERSION = YES;
				GCC_WARN_ABOUT_RETURN_TYPE = YES_ERROR;
				GCC_WARN_UNDECLARED_SELECTOR = YES;
				GCC_WARN_UNINITIALIZED_AUTOS = YES_AGGRESSIVE;
				GCC_WARN_UNUSED_FUNCTION = YES;
				GCC_WARN_UNUSED_VARIABLE = YES;
				IPHONEOS_DEPLOYMENT_TARGET = 10.3;
				MTL_ENABLE_DEBUG_INFO = NO;
				SDKROOT = iphoneos;
				SWIFT_OPTIMIZATION_LEVEL = "-Owholemodule";
				VALIDATE_PRODUCT = YES;
			};
			name = Release;
		};
		79C7F97A1FD517DD00FD8A9B /* Debug */ = {
			isa = XCBuildConfiguration;
			baseConfigurationReference = 3EA02362661F29F540C9BC4D /* Pods-ProjectManager.debug.xcconfig */;
			buildSettings = {
				ASSETCATALOG_COMPILER_APPICON_NAME = AppIcon;
				DEVELOPMENT_TEAM = 83ZWPRU665;
				INFOPLIST_FILE = ProjectManager/Info.plist;
				LD_RUNPATH_SEARCH_PATHS = "$(inherited) @executable_path/Frameworks";
				PRODUCT_BUNDLE_IDENTIFIER = jp.techacademy.yuuto.hasegawa.ProjectManager;
				PRODUCT_NAME = "$(TARGET_NAME)";
				SWIFT_VERSION = 3.0;
			};
			name = Debug;
		};
		79C7F97B1FD517DD00FD8A9B /* Release */ = {
			isa = XCBuildConfiguration;
			baseConfigurationReference = 1D7E35B07401C2E70CED04E1 /* Pods-ProjectManager.release.xcconfig */;
			buildSettings = {
				ASSETCATALOG_COMPILER_APPICON_NAME = AppIcon;
				DEVELOPMENT_TEAM = 83ZWPRU665;
				INFOPLIST_FILE = ProjectManager/Info.plist;
				LD_RUNPATH_SEARCH_PATHS = "$(inherited) @executable_path/Frameworks";
				PRODUCT_BUNDLE_IDENTIFIER = jp.techacademy.yuuto.hasegawa.ProjectManager;
				PRODUCT_NAME = "$(TARGET_NAME)";
				SWIFT_VERSION = 3.0;
			};
			name = Release;
		};
/* End XCBuildConfiguration section */

/* Begin XCConfigurationList section */
		79C7F9621FD517DD00FD8A9B /* Build configuration list for PBXProject "ProjectManager" */ = {
			isa = XCConfigurationList;
			buildConfigurations = (
				79C7F9771FD517DD00FD8A9B /* Debug */,
				79C7F9781FD517DD00FD8A9B /* Release */,
			);
			defaultConfigurationIsVisible = 0;
			defaultConfigurationName = Release;
		};
		79C7F9791FD517DD00FD8A9B /* Build configuration list for PBXNativeTarget "ProjectManager" */ = {
			isa = XCConfigurationList;
			buildConfigurations = (
				79C7F97A1FD517DD00FD8A9B /* Debug */,
				79C7F97B1FD517DD00FD8A9B /* Release */,
			);
			defaultConfigurationIsVisible = 0;
			defaultConfigurationName = Release;
		};
/* End XCConfigurationList section */
	};
	rootObject = 79C7F95F1FD517DD00FD8A9B /* Project object */;
}
